
Microsoft Visual Studio Solution File, Format Version 12.00
# Visual Studio 15
VisualStudioVersion = 15.0.27130.2026
MinimumVisualStudioVersion = 10.0.40219.1
Project("{FAE04EC0-301F-11D3-BF4B-00C04F79EFBC}") = "utility.Server.Extensibility", "utility.Server.Extensibility\utility.Server.Extensibility.csproj", "{4EB3E98E-4363-40FD-A6CE-2C93FB14CDC2}"
EndProject
Project("{2150E333-8FDC-42A3-9474-1A3956D46DE8}") = "scripts", "scripts", "{20528696-33D1-4828-AC3D-3B0764F699A7}"
	ProjectSection(SolutionItems) = preProject
		scripts\AssemblyInfo.xml = scripts\AssemblyInfo.xml
	EndProjectSection
EndProject
Global
	GlobalSection(SolutionConfigurationPlatforms) = preSolution
		Debug|Any CPU = Debug|Any CPU
		Release|Any CPU = Release|Any CPU
	EndGlobalSection
	GlobalSection(ProjectConfigurationPlatforms) = postSolution
		{4EB3E98E-4363-40FD-A6CE-2C93FB14CDC2}.Debug|Any CPU.ActiveCfg = Debug|Any CPU
		{4EB3E98E-4363-40FD-A6CE-2C93FB14CDC2}.Debug|Any CPU.Build.0 = Debug|Any CPU
		{4EB3E98E-4363-40FD-A6CE-2C93FB14CDC2}.Release|Any CPU.ActiveCfg = Release|Any CPU
		{4EB3E98E-4363-40FD-A6CE-2C93FB14CDC2}.Release|Any CPU.Build.0 = Release|Any CPU
	EndGlobalSection
	GlobalSection(SolutionProperties) = preSolution
		HideSolutionNode = FALSE
	EndGlobalSection
	GlobalSection(ExtensibilityGlobals) = postSolution
		SolutionGuid = {B68F869A-1BDE-4450-B666-1597810B2883}
	EndGlobalSection
EndGlobal
